// !$*UTF8*$!
{
	archiveVersion = 1;
	classes = {
	};
	objectVersion = 46;
	objects = {

/* Begin PBXBuildFile section */
		6C9424AD1B43A52D00EC1F6F /* main.m in Sources */ = {isa = PBXBuildFile; fileRef = 6C9424AC1B43A52D00EC1F6F /* main.m */; };
		6C9424B01B43A52D00EC1F6F /* AppDelegate.m in Sources */ = {isa = PBXBuildFile; fileRef = 6C9424AF1B43A52D00EC1F6F /* AppDelegate.m */; };
		6C9424B31B43A52D00EC1F6F /* ViewController.m in Sources */ = {isa = PBXBuildFile; fileRef = 6C9424B21B43A52D00EC1F6F /* ViewController.m */; };
		6C9424B61B43A52D00EC1F6F /* Main.storyboard in Resources */ = {isa = PBXBuildFile; fileRef = 6C9424B41B43A52D00EC1F6F /* Main.storyboard */; };
		6C9424B81B43A52D00EC1F6F /* Images.xcassets in Resources */ = {isa = PBXBuildFile; fileRef = 6C9424B71B43A52D00EC1F6F /* Images.xcassets */; };
		6C9424BB1B43A52D00EC1F6F /* LaunchScreen.xib in Resources */ = {isa = PBXBuildFile; fileRef = 6C9424B91B43A52D00EC1F6F /* LaunchScreen.xib */; };
		6C9424C71B43A52D00EC1F6F /* WWLJTextFieldTests.m in Sources */ = {isa = PBXBuildFile; fileRef = 6C9424C61B43A52D00EC1F6F /* WWLJTextFieldTests.m */; };
		6C9424D21B43A54C00EC1F6F /* WWLJTextField.m in Sources */ = {isa = PBXBuildFile; fileRef = 6C9424D11B43A54C00EC1F6F /* WWLJTextField.m */; };
/* End PBXBuildFile section */

/* Begin PBXContainerItemProxy section */
		6C9424C11B43A52D00EC1F6F /* PBXContainerItemProxy */ = {
			isa = PBXContainerItemProxy;
			containerPortal = 6C94249F1B43A52D00EC1F6F /* Project object */;
			proxyType = 1;
			remoteGlobalIDString = 6C9424A61B43A52D00EC1F6F;
			remoteInfo = WWLJTextField;
		};
/* End PBXContainerItemProxy section */

/* Begin PBXFileReference section */
		6C9424A71B43A52D00EC1F6F /* WWLJTextField.app */ = {isa = PBXFileReference; explicitFileType = wrapper.application; includeInIndex = 0; path = WWLJTextField.app; sourceTree = BUILT_PRODUCTS_DIR; };
		6C9424AB1B43A52D00EC1F6F /* Info.plist */ = {isa = PBXFileReference; lastKnownFileType = text.plist.xml; path = Info.plist; sourceTree = "<group>"; };
		6C9424AC1B43A52D00EC1F6F /* main.m */ = {isa = PBXFileReference; lastKnownFileType = sourcecode.c.objc; path = main.m; sourceTree = "<group>"; };
		6C9424AE1B43A52D00EC1F6F /* AppDelegate.h */ = {isa = PBXFileReference; lastKnownFileType = sourcecode.c.h; path = AppDelegate.h; sourceTree = "<group>"; };
		6C9424AF1B43A52D00EC1F6F /* AppDelegate.m */ = {isa = PBXFileReference; lastKnownFileType = sourcecode.c.objc; path = AppDelegate.m; sourceTree = "<group>"; };
		6C9424B11B43A52D00EC1F6F /* ViewController.h */ = {isa = PBXFileReference; lastKnownFileType = sourcecode.c.h; path = ViewController.h; sourceTree = "<group>"; };
		6C9424B21B43A52D00EC1F6F /* ViewController.m */ = {isa = PBXFileReference; lastKnownFileType = sourcecode.c.objc; path = ViewController.m; sourceTree = "<group>"; };
		6C9424B51B43A52D00EC1F6F /* Base */ = {isa = PBXFileReference; lastKnownFileType = file.storyboard; name = Base; path = Base.lproj/Main.storyboard; sourceTree = "<group>"; };
		6C9424B71B43A52D00EC1F6F /* Images.xcassets */ = {isa = PBXFileReference; lastKnownFileType = folder.assetcatalog; path = Images.xcassets; sourceTree = "<group>"; };
		6C9424BA1B43A52D00EC1F6F /* Base */ = {isa = PBXFileReference; lastKnownFileType = file.xib; name = Base; path = Base.lproj/LaunchScreen.xib; sourceTree = "<group>"; };
		6C9424C01B43A52D00EC1F6F /* WWLJTextFieldTests.xctest */ = {isa = PBXFileReference; explicitFileType = wrapper.cfbundle; includeInIndex = 0; path = WWLJTextFieldTests.xctest; sourceTree = BUILT_PRODUCTS_DIR; };
		6C9424C51B43A52D00EC1F6F /* Info.plist */ = {isa = PBXFileReference; lastKnownFileType = text.plist.xml; path = Info.plist; sourceTree = "<group>"; };
		6C9424C61B43A52D00EC1F6F /* WWLJTextFieldTests.m */ = {isa = PBXFileReference; lastKnownFileType = sourcecode.c.objc; path = WWLJTextFieldTests.m; sourceTree = "<group>"; };
		6C9424D01B43A54C00EC1F6F /* WWLJTextField.h */ = {isa = PBXFileReference; fileEncoding = 4; lastKnownFileType = sourcecode.c.h; path = WWLJTextField.h; sourceTree = "<group>"; };
		6C9424D11B43A54C00EC1F6F /* WWLJTextField.m */ = {isa = PBXFileReference; fileEncoding = 4; lastKnownFileType = sourcecode.c.objc; path = WWLJTextField.m; sourceTree = "<group>"; };
/* End PBXFileReference section */

/* Begin PBXFrameworksBuildPhase section */
		6C9424A41B43A52D00EC1F6F /* Frameworks */ = {
			isa = PBXFrameworksBuildPhase;
			buildActionMask = 2147483647;
			files = (
			);
			runOnlyForDeploymentPostprocessing = 0;
		};
		6C9424BD1B43A52D00EC1F6F /* Frameworks */ = {
			isa = PBXFrameworksBuildPhase;
			buildActionMask = 2147483647;
			files = (
			);
			runOnlyForDeploymentPostprocessing = 0;
		};
/* End PBXFrameworksBuildPhase section */

/* Begin PBXGroup section */
		6C94249E1B43A52D00EC1F6F = {
			isa = PBXGroup;
			children = (
				6C9424A91B43A52D00EC1F6F /* WWLJTextField */,
				6C9424C31B43A52D00EC1F6F /* WWLJTextFieldTests */,
				6C9424A81B43A52D00EC1F6F /* Products */,
			);
			sourceTree = "<group>";
		};
		6C9424A81B43A52D00EC1F6F /* Products */ = {
			isa = PBXGroup;
			children = (
				6C9424A71B43A52D00EC1F6F /* WWLJTextField.app */,
				6C9424C01B43A52D00EC1F6F /* WWLJTextFieldTests.xctest */,
			);
			name = Products;
			sourceTree = "<group>";
		};
		6C9424A91B43A52D00EC1F6F /* WWLJTextField */ = {
			isa = PBXGroup;
			children = (
				6C9424AE1B43A52D00EC1F6F /* AppDelegate.h */,
				6C9424AF1B43A52D00EC1F6F /* AppDelegate.m */,
				6C9424B11B43A52D00EC1F6F /* ViewController.h */,
				6C9424B21B43A52D00EC1F6F /* ViewController.m */,
				6C9424B41B43A52D00EC1F6F /* Main.storyboard */,
				6C9424B71B43A52D00EC1F6F /* Images.xcassets */,
				6C9424B91B43A52D00EC1F6F /* LaunchScreen.xib */,
				6C9424AA1B43A52D00EC1F6F /* Supporting Files */,
				6C9424D01B43A54C00EC1F6F /* WWLJTextField.h */,
				6C9424D11B43A54C00EC1F6F /* WWLJTextField.m */,
			);
			path = WWLJTextField;
			sourceTree = "<group>";
		};
		6C9424AA1B43A52D00EC1F6F /* Supporting Files */ = {
			isa = PBXGroup;
			children = (
				6C9424AB1B43A52D00EC1F6F /* Info.plist */,
				6C9424AC1B43A52D00EC1F6F /* main.m */,
			);
			name = "Supporting Files";
			sourceTree = "<group>";
		};
		6C9424C31B43A52D00EC1F6F /* WWLJTextFieldTests */ = {
			isa = PBXGroup;
			children = (
				6C9424C61B43A52D00EC1F6F /* WWLJTextFieldTests.m */,
				6C9424C41B43A52D00EC1F6F /* Supporting Files */,
			);
			path = WWLJTextFieldTests;
			sourceTree = "<group>";
		};
		6C9424C41B43A52D00EC1F6F /* Supporting Files */ = {
			isa = PBXGroup;
			children = (
				6C9424C51B43A52D00EC1F6F /* Info.plist */,
			);
			name = "Supporting Files";
			sourceTree = "<group>";
		};
/* End PBXGroup section */

/* Begin PBXNativeTarget section */
		6C9424A61B43A52D00EC1F6F /* WWLJTextField */ = {
			isa = PBXNativeTarget;
			buildConfigurationList = 6C9424CA1B43A52D00EC1F6F /* Build configuration list for PBXNativeTarget "WWLJTextField" */;
			buildPhases = (
				6C9424A31B43A52D00EC1F6F /* Sources */,
				6C9424A41B43A52D00EC1F6F /* Frameworks */,
				6C9424A51B43A52D00EC1F6F /* Resources */,
			);
			buildRules = (
			);
			dependencies = (
			);
			name = WWLJTextField;
			productName = WWLJTextField;
			productReference = 6C9424A71B43A52D00EC1F6F /* WWLJTextField.app */;
			productType = "com.apple.product-type.application";
		};
		6C9424BF1B43A52D00EC1F6F /* WWLJTextFieldTests */ = {
			isa = PBXNativeTarget;
			buildConfigurationList = 6C9424CD1B43A52D00EC1F6F /* Build configuration list for PBXNativeTarget "WWLJTextFieldTests" */;
			buildPhases = (
				6C9424BC1B43A52D00EC1F6F /* Sources */,
				6C9424BD1B43A52D00EC1F6F /* Frameworks */,
				6C9424BE1B43A52D00EC1F6F /* Resources */,
			);
			buildRules = (
			);
			dependencies = (
				6C9424C21B43A52D00EC1F6F /* PBXTargetDependency */,
			);
			name = WWLJTextFieldTests;
			productName = WWLJTextFieldTests;
			productReference = 6C9424C01B43A52D00EC1F6F /* WWLJTextFieldTests.xctest */;
			productType = "com.apple.product-type.bundle.unit-test";
		};
/* End PBXNativeTarget section */

/* Begin PBXProject section */
		6C94249F1B43A52D00EC1F6F /* Project object */ = {
			isa = PBXProject;
			attributes = {
				LastUpgradeCheck = 0630;
				ORGANIZATIONNAME = iShareme;
				TargetAttributes = {
					6C9424A61B43A52D00EC1F6F = {
						CreatedOnToolsVersion = 6.3.2;
					};
					6C9424BF1B43A52D00EC1F6F = {
						CreatedOnToolsVersion = 6.3.2;
						TestTargetID = 6C9424A61B43A52D00EC1F6F;
					};
				};
			};
			buildConfigurationList = 6C9424A21B43A52D00EC1F6F /* Build configuration list for PBXProject "WWLJTextField" */;
			compatibilityVersion = "Xcode 3.2";
			developmentRegion = English;
			hasScannedForEncodings = 0;
			knownRegions = (
				en,
				Base,
			);
			mainGroup = 6C94249E1B43A52D00EC1F6F;
			productRefGroup = 6C9424A81B43A52D00EC1F6F /* Products */;
			projectDirPath = "";
			projectRoot = "";
			targets = (
				6C9424A61B43A52D00EC1F6F /* WWLJTextField */,
				6C9424BF1B43A52D00EC1F6F /* WWLJTextFieldTests */,
			);
		};
/* End PBXProject section */

/* Begin PBXResourcesBuildPhase section */
		6C9424A51B43A52D00EC1F6F /* Resources */ = {
			isa = PBXResourcesBuildPhase;
			buildActionMask = 2147483647;
			files = (
				6C9424B61B43A52D00EC1F6F /* Main.storyboard in Resources */,
				6C9424BB1B43A52D00EC1F6F /* LaunchScreen.xib in Resources */,
				6C9424B81B43A52D00EC1F6F /* Images.xcassets in Resources */,
			);
			runOnlyForDeploymentPostprocessing = 0;
		};
		6C9424BE1B43A52D00EC1F6F /* Resources */ = {
			isa = PBXResourcesBuildPhase;
			buildActionMask = 2147483647;
			files = (
			);
			runOnlyForDeploymentPostprocessing = 0;
		};
/* End PBXResourcesBuildPhase section */

/* Begin PBXSourcesBuildPhase section */
		6C9424A31B43A52D00EC1F6F /* Sources */ = {
			isa = PBXSourcesBuildPhase;
			buildActionMask = 2147483647;
			files = (
				6C9424B31B43A52D00EC1F6F /* ViewController.m in Sources */,
				6C9424B01B43A52D00EC1F6F /* AppDelegate.m in Sources */,
				6C9424AD1B43A52D00EC1F6F /* main.m in Sources */,
				6C9424D21B43A54C00EC1F6F /* WWLJTextField.m in Sources */,
			);
			runOnlyForDeploymentPostprocessing = 0;
		};
		6C9424BC1B43A52D00EC1F6F /* Sources */ = {
			isa = PBXSourcesBuildPhase;
			buildActionMask = 2147483647;
			files = (
				6C9424C71B43A52D00EC1F6F /* WWLJTextFieldTests.m in Sources */,
			);
			runOnlyForDeploymentPostprocessing = 0;
		};
/* End PBXSourcesBuildPhase section */

/* Begin PBXTargetDependency section */
		6C9424C21B43A52D00EC1F6F /* PBXTargetDependency */ = {
			isa = PBXTargetDependency;
			target = 6C9424A61B43A52D00EC1F6F /* WWLJTextField */;
			targetProxy = 6C9424C11B43A52D00EC1F6F /* PBXContainerItemProxy */;
		};
/* End PBXTargetDependency section */

/* Begin PBXVariantGroup section */
		6C9424B41B43A52D00EC1F6F /* Main.storyboard */ = {
			isa = PBXVariantGroup;
			children = (
				6C9424B51B43A52D00EC1F6F /* Base */,
			);
			name = Main.storyboard;
			sourceTree = "<group>";
		};
		6C9424B91B43A52D00EC1F6F /* LaunchScreen.xib */ = {
			isa = PBXVariantGroup;
			children = (
				6C9424BA1B43A52D00EC1F6F /* Base */,
			);
			name = LaunchScreen.xib;
			sourceTree = "<group>";
		};
/* End PBXVariantGroup section */

/* Begin XCBuildConfiguration section */
		6C9424C81B43A52D00EC1F6F /* Debug */ = {
			isa = XCBuildConfiguration;
			buildSettings = {
				ALWAYS_SEARCH_USER_PATHS = NO;
				CLANG_CXX_LANGUAGE_STANDARD = "gnu++0x";
				CLANG_CXX_LIBRARY = "libc++";
				CLANG_ENABLE_MODULES = YES;
				CLANG_ENABLE_OBJC_ARC = YES;
				CLANG_WARN_BOOL_CONVERSION = YES;
				CLANG_WARN_CONSTANT_CONVERSION = YES;
				CLANG_WARN_DIRECT_OBJC_ISA_USAGE = YES_ERROR;
				CLANG_WARN_EMPTY_BODY = YES;
				CLANG_WARN_ENUM_CONVERSION = YES;
				CLANG_WARN_INT_CONVERSION = YES;
				CLANG_WARN_OBJC_ROOT_CLASS = YES_ERROR;
				CLANG_WARN_UNREACHABLE_CODE = YES;
				CLANG_WARN__DUPLICATE_METHOD_MATCH = YES;
				"CODE_SIGN_IDENTITY[sdk=iphoneos*]" = "iPhone Developer";
				COPY_PHASE_STRIP = NO;
				DEBUG_INFORMATION_FORMAT = "dwarf-with-dsym";
				ENABLE_STRICT_OBJC_MSGSEND = YES;
				GCC_C_LANGUAGE_STANDARD = gnu99;
				GCC_DYNAMIC_NO_PIC = NO;
				GCC_NO_COMMON_BLOCKS = YES;
				GCC_OPTIMIZATION_LEVEL = 0;
				GCC_PREPROCESSOR_DEFINITIONS = (
					"DEBUG=1",
					"$(inherited)",
				);
				GCC_SYMBOLS_PRIVATE_EXTERN = NO;
				GCC_WARN_64_TO_32_BIT_CONVERSION = YES;
				GCC_WARN_ABOUT_RETURN_TYPE = YES_ERROR;
				GCC_WARN_UNDECLARED_SELECTOR = YES;
				GCC_WARN_UNINITIALIZED_AUTOS = YES_AGGRESSIVE;
				GCC_WARN_UNUSED_FUNCTION = YES;
				GCC_WARN_UNUSED_VARIABLE = YES;
				IPHONEOS_DEPLOYMENT_TARGET = 8.3;
				MTL_ENABLE_DEBUG_INFO = YES;
				ONLY_ACTIVE_ARCH = YES;
				SDKROOT = iphoneos;
				TARGETED_DEVICE_FAMILY = "1,2";
			};
			name = Debug;
		};
		6C9424C91B43A52D00EC1F6F /* Release */ = {
			isa = XCBuildConfiguration;
			buildSettings = {
				ALWAYS_SEARCH_USER_PATHS = NO;
				CLANG_CXX_LANGUAGE_STANDARD = "gnu++0x";
				CLANG_CXX_LIBRARY = "libc++";
				CLANG_ENABLE_MODULES = YES;
				CLANG_ENABLE_OBJC_ARC = YES;
				CLANG_WARN_BOOL_CONVERSION = YES;
				CLANG_WARN_CONSTANT_CONVERSION = YES;
				CLANG_WARN_DIRECT_OBJC_ISA_USAGE = YES_ERROR;
				CLANG_WARN_EMPTY_BODY = YES;
				CLANG_WARN_ENUM_CONVERSION = YES;
				CLANG_WARN_INT_CONVERSION = YES;
				CLANG_WARN_OBJC_ROOT_CLASS = YES_ERROR;
				CLANG_WARN_UNREACHABLE_CODE = YES;
				CLANG_WARN__DUPLICATE_METHOD_MATCH = YES;
				"CODE_SIGN_IDENTITY[sdk=iphoneos*]" = "iPhone Developer";
				COPY_PHASE_STRIP = NO;
				DEBUG_INFORMATION_FORMAT = "dwarf-with-dsym";
				ENABLE_NS_ASSERTIONS = NO;
				ENABLE_STRICT_OBJC_MSGSEND = YES;
				GCC_C_LANGUAGE_STANDARD = gnu99;
				GCC_NO_COMMON_BLOCKS = YES;
				GCC_WARN_64_TO_32_BIT_CONVERSION = YES;
				GCC_WARN_ABOUT_RETURN_TYPE = YES_ERROR;
				GCC_WARN_UNDECLARED_SELECTOR = YES;
				GCC_WARN_UNINITIALIZED_AUTOS = YES_AGGRESSIVE;
				GCC_WARN_UNUSED_FUNCTION = YES;
				GCC_WARN_UNUSED_VARIABLE = YES;
				IPHONEOS_DEPLOYMENT_TARGET = 8.3;
				MTL_ENABLE_DEBUG_INFO = NO;
				SDKROOT = iphoneos;
				TARGETED_DEVICE_FAMILY = "1,2";
				VALIDATE_PRODUCT = YES;
			};
			name = Release;
		};
		6C9424CB1B43A52D00EC1F6F /* Debug */ = {
			isa = XCBuildConfiguration;
			buildSettings = {
				ASSETCATALOG_COMPILER_APPICON_NAME = AppIcon;
				INFOPLIST_FILE = WWLJTextField/Info.plist;
				LD_RUNPATH_SEARCH_PATHS = "$(inherited) @executable_path/Frameworks";
				PRODUCT_NAME = "$(TARGET_NAME)";
			};
			name = Debug;
		};
		6C9424CC1B43A52D00EC1F6F /* Release */ = {
			isa = XCBuildConfiguration;
			buildSettings = {
				ASSETCATALOG_COMPILER_APPICON_NAME = AppIcon;
				INFOPLIST_FILE = WWLJTextField/Info.plist;
				LD_RUNPATH_SEARCH_PATHS = "$(inherited) @executable_path/Frameworks";
				PRODUCT_NAME = "$(TARGET_NAME)";
			};
			name = Release;
		};
		6C9424CE1B43A52D00EC1F6F /* Debug */ = {
			isa = XCBuildConfiguration;
			buildSettings = {
				BUNDLE_LOADER = "$(TEST_HOST)";
				FRAMEWORK_SEARCH_PATHS = (
					"$(SDKROOT)/Developer/Library/Frameworks",
					"$(inherited)",
				);
				GCC_PREPROCESSOR_DEFINITIONS = (
					"DEBUG=1",
					"$(inherited)",
				);
				INFOPLIST_FILE = WWLJTextFieldTests/Info.plist;
				LD_RUNPATH_SEARCH_PATHS = "$(inherited) @executable_path/Frameworks @loader_path/Frameworks";
				PRODUCT_NAME = "$(TARGET_NAME)";
				TEST_HOST = "$(BUILT_PRODUCTS_DIR)/WWLJTextField.app/WWLJTextField";
			};
			name = Debug;
		};
		6C9424CF1B43A52D00EC1F6F /* Release */ = {
			isa = XCBuildConfiguration;
			buildSettings = {
				BUNDLE_LOADER = "$(TEST_HOST)";
				FRAMEWORK_SEARCH_PATHS = (
					"$(SDKROOT)/Developer/Library/Frameworks",
					"$(inherited)",
				);
				INFOPLIST_FILE = WWLJTextFieldTests/Info.plist;
				LD_RUNPATH_SEARCH_PATHS = "$(inherited) @executable_path/Frameworks @loader_path/Frameworks";
				PRODUCT_NAME = "$(TARGET_NAME)";
				TEST_HOST = "$(BUILT_PRODUCTS_DIR)/WWLJTextField.app/WWLJTextField";
			};
			name = Release;
		};
/* End XCBuildConfiguration section */

/* Begin XCConfigurationList section */
		6C9424A21B43A52D00EC1F6F /* Build configuration list for PBXProject "WWLJTextField" */ = {
			isa = XCConfigurationList;
			buildConfigurations = (
				6C9424C81B43A52D00EC1F6F /* Debug */,
				6C9424C91B43A52D00EC1F6F /* Release */,
			);
			defaultConfigurationIsVisible = 0;
			defaultConfigurationName = Release;
		};
		6C9424CA1B43A52D00EC1F6F /* Build configuration list for PBXNativeTarget "WWLJTextField" */ = {
			isa = XCConfigurationList;
			buildConfigurations = (
				6C9424CB1B43A52D00EC1F6F /* Debug */,
				6C9424CC1B43A52D00EC1F6F /* Release */,
			);
			defaultConfigurationIsVisible = 0;
		};
		6C9424CD1B43A52D00EC1F6F /* Build configuration list for PBXNativeTarget "WWLJTextFieldTests" */ = {
			isa = XCConfigurationList;
			buildConfigurations = (
				6C9424CE1B43A52D00EC1F6F /* Debug */,
				6C9424CF1B43A52D00EC1F6F /* Release */,
			);
			defaultConfigurationIsVisible = 0;
		};
/* End XCConfigurationList section */
	};
	rootObject = 6C94249F1B43A52D00EC1F6F /* Project object */;
}
